
Microsoft Visual Studio Solution File, Format Version 12.00
# Visual Studio Version 16
VisualStudioVersion = 25.0.1705.4
MinimumVisualStudioVersion = 10.0.40219.1
Project("{FAE04EC0-301F-11D3-BF4B-00C04F79EFBC}") = "Labsss", "Labsss\Labsss.csproj", "{EEBC504B-950A-4F5A-90CE-C9FDC05EE639}"
EndProject
Global
	GlobalSection(SolutionConfigurationPlatforms) = preSolution
		Debug|Any CPU = Debug|Any CPU
		Release|Any CPU = Release|Any CPU
	EndGlobalSection
	GlobalSection(ProjectConfigurationPlatforms) = postSolution
		{EEBC504B-950A-4F5A-90CE-C9FDC05EE639}.Debug|Any CPU.ActiveCfg = Debug|Any CPU
		{EEBC504B-950A-4F5A-90CE-C9FDC05EE639}.Debug|Any CPU.Build.0 = Debug|Any CPU
		{EEBC504B-950A-4F5A-90CE-C9FDC05EE639}.Release|Any CPU.ActiveCfg = Release|Any CPU
		{EEBC504B-950A-4F5A-90CE-C9FDC05EE639}.Release|Any CPU.Build.0 = Release|Any CPU
	EndGlobalSection
	GlobalSection(SolutionProperties) = preSolution
		HideSolutionNode = FALSE
	EndGlobalSection
	GlobalSection(ExtensibilityGlobals) = postSolution
		SolutionGuid = {1A27626C-9DDE-4971-96FC-846233D03696}
	EndGlobalSection
EndGlobal
